{
    "_readme": [
        "This file locks the dependencies of your project to a known state",
        "Read more about it at https://getcomposer.org/doc/01-basic-usage.md#installing-dependencies",
        "This file is @generated automatically"
    ],
    "content-hash": "7e9a6c602ee753722794377d9384a7e3",
    "packages": [
        {
            "name": "maximo-perez-villalba/framework-environment",
            "version": "1.1.2",
            "source": {
                "type": "git",
                "url": "https://github.com/maximo-perez-villalba/framework-environment.git",
                "reference": "6b31a07ee3088851cab936f567566f80192cc62d"
            },
            "dist": {
                "type": "zip",
                "url": "https://api.github.com/repos/maximo-perez-villalba/framework-environment/zipball/6b31a07ee3088851cab936f567566f80192cc62d",
                "reference": "6b31a07ee3088851cab936f567566f80192cc62d",
                "shasum": ""
            },
            "require": {
                "php": ">=7.4"
            },
            "type": "library",
            "autoload": {
                "psr-4": {
                    "framework\\": "src/framework/"
                }
            },
            "notification-url": "https://packagist.org/downloads/",
            "license": [
                "proprietary"
            ],
            "authors": [
                {
                    "name": "Máximo Perez Villalba",
                    "email": "maximo.perez@davinci.edu.ar"
                }
            ],
            "description": "El componente implementa una arquitectura liviana de control del ambiente de ejecución PHP, con fines pedagógicos.",
            "support": {
                "issues": "https://github.com/maximo-perez-villalba/framework-environment/issues",
                "source": "https://github.com/maximo-perez-villalba/framework-environment/tree/v1.1.2"
            },
            "time": "2022-05-02T20:15:54+00:00"
        },
        {
            "name": "maximo-perez-villalba/framework-http",
            "version": "2.0.0",
            "source": {
                "type": "git",
                "url": "https://github.com/maximo-perez-villalba/framework-http.git",
                "reference": "d3610374e83af85bad03a28aaf3ad5dc963e59ea"
            },
            "dist": {
                "type": "zip",
                "url": "https://api.github.com/repos/maximo-perez-villalba/framework-http/zipball/d3610374e83af85bad03a28aaf3ad5dc963e59ea",
                "reference": "d3610374e83af85bad03a28aaf3ad5dc963e59ea",
                "shasum": ""
            },
            "require": {
                "maximo-perez-villalba/framework-environment": ">=1",
                "php": ">=7.4"
            },
            "type": "library",
            "autoload": {
                "psr-4": {
                    "framework\\": "src/framework/"
                }
            },
            "notification-url": "https://packagist.org/downloads/",
            "license": [
                "proprietary"
            ],
            "authors": [
                {
                    "name": "Máximo Perez Villalba",
                    "email": "maximo.villalba@gmail.com"
                }
            ],
            "description": "El componente implementa una simple arquitectura HTTP en PHP con fines pedagógicos.",
            "support": {
                "issues": "https://github.com/maximo-perez-villalba/framework-http/issues",
                "source": "https://github.com/maximo-perez-villalba/framework-http/tree/v2.0.0"
            },
            "time": "2022-06-17T02:01:54+00:00"
        }
    ],
    "packages-dev": [],
    "aliases": [],
    "minimum-stability": "stable",
    "stability-flags": [],
    "prefer-stable": true,
    "prefer-lowest": false,
    "platform": {
        "php": ">=7.4"
    },
    "platform-dev": [],
    "plugin-api-version": "2.3.0"
}
